
Microsoft Visual Studio Solution File, Format Version 12.00
# Visual Studio 14
VisualStudioVersion = 14.0.25420.1
MinimumVisualStudioVersion = 10.0.40219.1
Project("{2150E333-8FDC-42A3-9474-1A3956D46DE8}") = "00.Stert", "00.Stert", "{2D332628-5763-4EFE-8920-EF017DC5CF19}"
EndProject
Project("{2150E333-8FDC-42A3-9474-1A3956D46DE8}") = "01.C", "01.C", "{D0EE2A23-CA5B-42D2-8A0E-52F1D4D4DA47}"
EndProject
Project("{2150E333-8FDC-42A3-9474-1A3956D46DE8}") = "02.C++", "02.C++", "{A666FA7F-7AC1-4AD0-8539-709D6F61E751}"
EndProject
Project("{2150E333-8FDC-42A3-9474-1A3956D46DE8}") = "01.C Games", "01.C Games", "{26FEC233-5F48-40E8-A6BE-5B9208AA251A}"
EndProject
Project("{2150E333-8FDC-42A3-9474-1A3956D46DE8}") = "02.C++ Games", "02.C++ Games", "{2A15E5F7-5066-4D49-B1F9-C1F3F005EB00}"
EndProject
Project("{8BC9CEB8-8B4A-11D0-8D11-00A0C91BC942}") = "Jk-programming", "00.Stert\Jk-programming.vcxproj", "{4B4D6FF9-4121-46A7-8166-F8291CA716CC}"
EndProject
Project("{2150E333-8FDC-42A3-9474-1A3956D46DE8}") = "Day01", "Day01", "{EC3183EE-CA36-494E-8AA5-DFF88B9998C9}"
EndProject
Project("{2150E333-8FDC-42A3-9474-1A3956D46DE8}") = "Day02", "Day02", "{0CC997AF-A3E0-4669-9C34-6A57FFD83CB2}"
EndProject
Project("{2150E333-8FDC-42A3-9474-1A3956D46DE8}") = "Day03", "Day03", "{2C53788E-AE78-447A-A39A-EE7CDD374588}"
EndProject
Project("{2150E333-8FDC-42A3-9474-1A3956D46DE8}") = "Day04", "Day04", "{CECCD059-F562-4979-8F97-E5BAB6C63007}"
EndProject
Project("{2150E333-8FDC-42A3-9474-1A3956D46DE8}") = "Day05", "Day05", "{1A469951-449B-40EA-9333-6652091F9403}"
EndProject
Project("{2150E333-8FDC-42A3-9474-1A3956D46DE8}") = "Day06", "Day06", "{0F1651C5-50C5-47B2-8703-E287A0C37C36}"
EndProject
Project("{2150E333-8FDC-42A3-9474-1A3956D46DE8}") = "Day07", "Day07", "{D15F4ED2-36D5-4A21-AEE9-17ADDEFD5592}"
EndProject
Project("{2150E333-8FDC-42A3-9474-1A3956D46DE8}") = "Day08", "Day08", "{B238BDE2-C257-4F68-A050-B4EDC85128C5}"
EndProject
Project("{2150E333-8FDC-42A3-9474-1A3956D46DE8}") = "Day09", "Day09", "{94BFACE5-92B0-46F2-9718-70A633E87DA8}"
	ProjectSection(SolutionItems) = preProject
		ConsoleShooting만듬.txt = ConsoleShooting만듬.txt
	EndProjectSection
EndProject
Project("{2150E333-8FDC-42A3-9474-1A3956D46DE8}") = "Day10", "Day10", "{E71DF333-B00E-4E0C-B0EB-272424FB6C42}"
EndProject
Project("{2150E333-8FDC-42A3-9474-1A3956D46DE8}") = "Day11", "Day11", "{5FEA142D-F00F-4772-AF82-AD933C66EFE8}"
EndProject
Project("{2150E333-8FDC-42A3-9474-1A3956D46DE8}") = "Day01", "Day01", "{4C0853A8-FBDF-46C3-9E4B-FE88D4E2A29A}"
EndProject
Project("{2150E333-8FDC-42A3-9474-1A3956D46DE8}") = "Day02", "Day02", "{21FB3CD3-219B-4E43-8589-67C66F8E3F3A}"
EndProject
Project("{2150E333-8FDC-42A3-9474-1A3956D46DE8}") = "Day03", "Day03", "{8D33E976-90DC-4032-919D-0D5C1C14E254}"
EndProject
Project("{2150E333-8FDC-42A3-9474-1A3956D46DE8}") = "Day04", "Day04", "{9F9858E3-41D8-48C0-AE87-57406A01DC76}"
EndProject
Project("{8BC9CEB8-8B4A-11D0-8D11-00A0C91BC942}") = "00.S++Start", "02.C++\00.S++Start\00.S++Start.vcxproj", "{0FFBDFDC-ED56-4D0D-982D-EC5D49720CC9}"
EndProject
Project("{8BC9CEB8-8B4A-11D0-8D11-00A0C91BC942}") = "01.NameSpace", "02.C++\01.NameSpace\01.NameSpace.vcxproj", "{FCF4FC06-DB63-4321-8E44-69AE524396CE}"
EndProject
Project("{8BC9CEB8-8B4A-11D0-8D11-00A0C91BC942}") = "02.ClassStart", "02.C++\02.ClassStart\02.ClassStart.vcxproj", "{4B7B4008-ADBF-4A94-BC49-DB09B2E55E0C}"
EndProject
Project("{8BC9CEB8-8B4A-11D0-8D11-00A0C91BC942}") = "03.ClassMenberVar", "02.C++\03.ClassMenberVar\03.ClassMenberVar.vcxproj", "{EC9B9F73-CA53-47BF-AAEF-E8DD794F20EE}"
EndProject
Project("{8BC9CEB8-8B4A-11D0-8D11-00A0C91BC942}") = "04.ClassMemberFunc", "02.C++\04.ClassMemberFunc\04.ClassMemberFunc.vcxproj", "{43D62728-9A8A-4A67-BD19-C62C692D91DE}"
EndProject
Project("{8BC9CEB8-8B4A-11D0-8D11-00A0C91BC942}") = "05.Constructor", "02.C++\05.Constructor\05.Constructor.vcxproj", "{FD8517A8-91AB-4E06-9EE1-C75919B9FE84}"
EndProject
Project("{8BC9CEB8-8B4A-11D0-8D11-00A0C91BC942}") = "06.OverLoading", "02.C++\06.OverLoading\06.OverLoading.vcxproj", "{CA705828-7F10-445B-B982-3580055CC6AD}"
EndProject
Project("{8BC9CEB8-8B4A-11D0-8D11-00A0C91BC942}") = "07.Refernce", "02.C++\07.Refernce\07.Refernce.vcxproj", "{3E15C763-7E8D-4B8D-A0D6-C8A68C2D2BB7}"
EndProject
Project("{8BC9CEB8-8B4A-11D0-8D11-00A0C91BC942}") = "08.Const", "02.C++\08.Const\08.Const.vcxproj", "{F4E5C4D4-1F0B-41C8-A302-F81922A72303}"
EndProject
Project("{8BC9CEB8-8B4A-11D0-8D11-00A0C91BC942}") = "09.Memberinit", "02.C++\09.Memberinit\09.Memberinit.vcxproj", "{09747440-4BF1-403D-9625-78DE03D5D359}"
EndProject
Project("{8BC9CEB8-8B4A-11D0-8D11-00A0C91BC942}") = "10.ConstMemberFunc", "02.C++\10.ConstMemberFunc\10.ConstMemberFunc.vcxproj", "{23A3B946-0699-4D71-94F4-E19D1632B94C}"
EndProject
Project("{8BC9CEB8-8B4A-11D0-8D11-00A0C91BC942}") = "11.Destructor", "02.C++\11.Destructor\11.Destructor.vcxproj", "{A773C309-B962-4B1D-AB0F-DEDA80E89F60}"
EndProject
Project("{8BC9CEB8-8B4A-11D0-8D11-00A0C91BC942}") = "12.Operator", "02.C++\12.Operator\12.Operator.vcxproj", "{8EF021D3-E92A-42D8-887C-47721F049C42}"
EndProject
Project("{8BC9CEB8-8B4A-11D0-8D11-00A0C91BC942}") = "13.HeaderAndC++", "02.C++\13.HeaderAndC++\13.HeaderAndC++.vcxproj", "{342E0B0B-CFDD-423F-93F6-0A43EFDB8009}"
EndProject
Project("{8BC9CEB8-8B4A-11D0-8D11-00A0C91BC942}") = "14.StructAndClass", "02.C++\14.StructAndClass\14.StructAndClass.vcxproj", "{64327FF1-0EFE-46D3-A09F-DCE3B857A9A7}"
EndProject
Project("{8BC9CEB8-8B4A-11D0-8D11-00A0C91BC942}") = "15.Inherit", "02.C++\15.Inherit\15.Inherit.vcxproj", "{6C34890C-5139-49E1-9D5F-04D946BBFF30}"
EndProject
Project("{8BC9CEB8-8B4A-11D0-8D11-00A0C91BC942}") = "16.InheritAccess", "02.C++\16.InheritAccess\16.InheritAccess.vcxproj", "{67CB26DD-7518-483F-9F9E-6ED91D18402B}"
EndProject
Project("{8BC9CEB8-8B4A-11D0-8D11-00A0C91BC942}") = "17.ClassStatic", "02.C++\17.ClassStatic\17.ClassStatic.vcxproj", "{CB9CB343-B69A-469C-8717-62772F99B802}"
EndProject
Project("{8BC9CEB8-8B4A-11D0-8D11-00A0C91BC942}") = "18.inheritConAndDes", "02.C++\18.inheritConAndDes\18.inheritConAndDes.vcxproj", "{2347ED71-6D0E-4DB9-9965-76CF4755A848}"
EndProject
Project("{8BC9CEB8-8B4A-11D0-8D11-00A0C91BC942}") = "19.UpCastingDownCasting", "02.C++\19.UpCastingDownCasting\19.UpCastingDownCasting.vcxproj", "{55708F79-D658-4EBB-9C8A-C6F0F5E502E9}"
EndProject
Project("{8BC9CEB8-8B4A-11D0-8D11-00A0C91BC942}") = "20.Nullptr", "02.C++\20.Nullptr\20.Nullptr.vcxproj", "{E2872044-53A0-42CE-974D-E491DA54ACAC}"
EndProject
Project("{8BC9CEB8-8B4A-11D0-8D11-00A0C91BC942}") = "21.Virtual", "02.C++\21.Virtual\21.Virtual.vcxproj", "{2083F8EE-8839-4549-9167-65BFB0F4F19E}"
EndProject
Project("{8BC9CEB8-8B4A-11D0-8D11-00A0C91BC942}") = "22.ClassSize", "02.C++\22.ClassSize\22.ClassSize.vcxproj", "{09144C49-9501-46DE-843D-9B8D61C54A29}"
EndProject
Project("{8BC9CEB8-8B4A-11D0-8D11-00A0C91BC942}") = "23.FuncPointer", "02.C++\23.FuncPointer\23.FuncPointer.vcxproj", "{D8D57FDE-085E-417B-990A-D207512AC758}"
EndProject
Project("{8BC9CEB8-8B4A-11D0-8D11-00A0C91BC942}") = "P1.Batlle+CallingConvention", "02.C++\P1.Batlle+CallingConvention\P1.Batlle+CallingConvention.vcxproj", "{848F7793-DAAF-4BDA-A5A5-1E40E90381AC}"
EndProject
Project("{8BC9CEB8-8B4A-11D0-8D11-00A0C91BC942}") = "P0.Object-Oriented.Programming(OOP)", "02.C++\P0.Object-Oriented.Programming(OOP)\P0.Object-Oriented.Programming(OOP).vcxproj", "{79BABE82-05C3-400A-8865-DCAF9742ED89}"
EndProject
Project("{8BC9CEB8-8B4A-11D0-8D11-00A0C91BC942}") = "P2.Operator", "02.C++\P2.Operator\P2.Operator.vcxproj", "{DB1097EC-D775-43DF-8D26-93ADCE9C37FD}"
EndProject
Project("{8BC9CEB8-8B4A-11D0-8D11-00A0C91BC942}") = "P3.Shooting", "02.C++\P3.Shooting\P3.Shooting.vcxproj", "{2F3180A8-BEA3-4441-B552-B303C6633011}"
EndProject
Project("{8BC9CEB8-8B4A-11D0-8D11-00A0C91BC942}") = "P4.Puzzle", "02.C++\P4.Puzzle\P4.Puzzle.vcxproj", "{C420D7D6-01E4-4462-95F6-4560BCB9E7E7}"
EndProject
Project("{8BC9CEB8-8B4A-11D0-8D11-00A0C91BC942}") = "P4.PuzzleClass", "02.C++\P4.PuzzleClass\P4.PuzzleClass.vcxproj", "{8E621498-8582-4F18-83E8-02BBB4140325}"
EndProject
Project("{8BC9CEB8-8B4A-11D0-8D11-00A0C91BC942}") = "24. FowardDeclaration", "02.C++\24. FowardDeclaration\24. FowardDeclaration.vcxproj", "{03C0F50D-1A47-489F-A3CB-F66E08A0CBDD}"
EndProject
Project("{8BC9CEB8-8B4A-11D0-8D11-00A0C91BC942}") = "25.PureVirtual", "02.C++\25.PureVirtual\25.PureVirtual.vcxproj", "{384EE94B-B1CA-4139-90A4-721DF94CEFE3}"
EndProject
Project("{8BC9CEB8-8B4A-11D0-8D11-00A0C91BC942}") = "26.Suffle", "02.C++\26.Suffle\26.Suffle.vcxproj", "{A772EE01-3AE4-4BE6-BCA6-E66D41660F51}"
EndProject
Project("{8BC9CEB8-8B4A-11D0-8D11-00A0C91BC942}") = "28.ClassNewArr", "02.C++\28.ClassNewArr\28.ClassNewArr.vcxproj", "{15A4FC07-C3EC-4E65-9BE8-FA11A405FEE5}"
EndProject
Project("{8BC9CEB8-8B4A-11D0-8D11-00A0C91BC942}") = "27.New", "02.C++\27.New\27.New.vcxproj", "{872CEDE0-6986-4959-A256-DE89B02DC117}"
EndProject
Project("{8BC9CEB8-8B4A-11D0-8D11-00A0C91BC942}") = "29.DenglingPointer", "02.C++\29.DenglingPointer\29.DenglingPointer.vcxproj", "{606ABA3A-7F8B-47DA-BCF7-FC7ACF8E381D}"
EndProject
Project("{8BC9CEB8-8B4A-11D0-8D11-00A0C91BC942}") = "30.NewArrEX", "02.C++\30.NewArrEX\30.NewArrEX.vcxproj", "{08AB6EC6-A317-4A11-90FD-5C0263CD7FFA}"
EndProject
Project("{8BC9CEB8-8B4A-11D0-8D11-00A0C91BC942}") = "31.StackStatic", "02.C++\31.StackStatic\31.StackStatic.vcxproj", "{41A5AD39-64BA-43CE-AB62-1D7CA5EE320D}"
EndProject
Project("{8BC9CEB8-8B4A-11D0-8D11-00A0C91BC942}") = "32.DefaultParameter", "02.C++\32.DefaultParameter\32.DefaultParameter.vcxproj", "{41D9D862-9258-4FDD-B1DD-A77BD6D81612}"
EndProject
Project("{8BC9CEB8-8B4A-11D0-8D11-00A0C91BC942}") = "33.Template", "02.C++\33.Template\33.Template.vcxproj", "{421FB7E4-F820-47A9-8951-3030D9C1F787}"
EndProject
Project("{8BC9CEB8-8B4A-11D0-8D11-00A0C91BC942}") = "34.ClassTemplate", "02.C++\34.ClassTemplate\34.ClassTemplate.vcxproj", "{BFD51DC0-06AA-4B9A-B20E-A4FAC97FEDC1}"
EndProject
Project("{8BC9CEB8-8B4A-11D0-8D11-00A0C91BC942}") = "35.ClassTemplateEX", "02.C++\35.ClassTemplateEX\35.ClassTemplateEX.vcxproj", "{02EDBC84-3138-4FB2-B57C-15EBF5F1EF1F}"
EndProject
Project("{8BC9CEB8-8B4A-11D0-8D11-00A0C91BC942}") = "36.TemplateHeaderAndCPP", "02.C++\36.TemplateHeaderAndCPP\36.TemplateHeaderAndCPP.vcxproj", "{F4F66AE6-DB86-4FE9-B9DE-27C3A2A9DDB7}"
EndProject
Project("{8BC9CEB8-8B4A-11D0-8D11-00A0C91BC942}") = "P5.ConsoleShootingGame", "02.C++\P5.ConsoleShootingGame\P5.ConsoleShootingGame.vcxproj", "{CD099931-D906-46CF-9AD6-5158579E45B1}"
EndProject
Project("{8BC9CEB8-8B4A-11D0-8D11-00A0C91BC942}") = "P6.ShootingGame_NewDelete", "02.C++\P6.ShootingGame_NewDelete\P6.ShootingGame_NewDelete.vcxproj", "{E0309F32-5F70-49F1-8820-B4C06A4AAE46}"
EndProject
Project("{8BC9CEB8-8B4A-11D0-8D11-00A0C91BC942}") = "P7.ShootingGame_Speed", "02.C++\P7.ShootingGame_Speed\P7.ShootingGame_Speed.vcxproj", "{B7BE3877-769D-43D0-8A83-6F5D56BA0B26}"
EndProject
Project("{2150E333-8FDC-42A3-9474-1A3956D46DE8}") = "Day12", "Day12", "{AF8A2EAA-53D9-41E4-A855-9A840F111BE8}"
EndProject
Project("{2150E333-8FDC-42A3-9474-1A3956D46DE8}") = "Day13", "Day13", "{4C5AC1DA-9F95-434E-8E70-A4A31915C6AD}"
EndProject
Project("{2150E333-8FDC-42A3-9474-1A3956D46DE8}") = "Day14", "Day14", "{CFCFA7C9-1E2B-40F6-BAA0-8BD008F286CC}"
EndProject
Project("{2150E333-8FDC-42A3-9474-1A3956D46DE8}") = "Day15", "Day15", "{39076C0F-77AE-4F9E-9DB0-E577F26AEBF8}"
EndProject
Project("{2150E333-8FDC-42A3-9474-1A3956D46DE8}") = "Day16", "Day16", "{4DB45EF3-0292-452F-8431-D53F0F65C50F}"
EndProject
Project("{2150E333-8FDC-42A3-9474-1A3956D46DE8}") = "Day17", "Day17", "{1B6E797B-5D4C-4B5F-AB5D-B95D7A816595}"
EndProject
Project("{2150E333-8FDC-42A3-9474-1A3956D46DE8}") = "Day18", "Day18", "{CF3F4719-D351-431C-93FE-DC62447B8059}"
EndProject
Project("{2150E333-8FDC-42A3-9474-1A3956D46DE8}") = "Day19", "Day19", "{C6CB39D7-83EB-4250-9E95-351B9DD2F81E}"
EndProject
Project("{2150E333-8FDC-42A3-9474-1A3956D46DE8}") = "Day20", "Day20", "{0202F67D-DC23-4810-A302-F8465828399E}"
EndProject
Project("{2150E333-8FDC-42A3-9474-1A3956D46DE8}") = "Day21", "Day21", "{0062A79D-3766-4E1E-93DD-90F26C56555F}"
EndProject
Project("{2150E333-8FDC-42A3-9474-1A3956D46DE8}") = "Day22", "Day22", "{45B72752-A76A-49A2-B757-E0D0586142FA}"
EndProject
Project("{2150E333-8FDC-42A3-9474-1A3956D46DE8}") = "Day23", "Day23", "{7AC2382A-2ADA-4636-8F2D-BC7F6637D1B1}"
EndProject
Project("{2150E333-8FDC-42A3-9474-1A3956D46DE8}") = "Day24", "Day24", "{A93963A8-BFB7-4EA9-AB85-4FB402A2B8A0}"
EndProject
Global
	GlobalSection(SolutionConfigurationPlatforms) = preSolution
		Debug|x64 = Debug|x64
		Debug|x86 = Debug|x86
		Release|x64 = Release|x64
		Release|x86 = Release|x86
	EndGlobalSection
	GlobalSection(ProjectConfigurationPlatforms) = postSolution
		{4B4D6FF9-4121-46A7-8166-F8291CA716CC}.Debug|x64.ActiveCfg = Debug|x64
		{4B4D6FF9-4121-46A7-8166-F8291CA716CC}.Debug|x64.Build.0 = Debug|x64
		{4B4D6FF9-4121-46A7-8166-F8291CA716CC}.Debug|x86.ActiveCfg = Debug|Win32
		{4B4D6FF9-4121-46A7-8166-F8291CA716CC}.Debug|x86.Build.0 = Debug|Win32
		{4B4D6FF9-4121-46A7-8166-F8291CA716CC}.Release|x64.ActiveCfg = Release|x64
		{4B4D6FF9-4121-46A7-8166-F8291CA716CC}.Release|x64.Build.0 = Release|x64
		{4B4D6FF9-4121-46A7-8166-F8291CA716CC}.Release|x86.ActiveCfg = Release|Win32
		{4B4D6FF9-4121-46A7-8166-F8291CA716CC}.Release|x86.Build.0 = Release|Win32
		{0FFBDFDC-ED56-4D0D-982D-EC5D49720CC9}.Debug|x64.ActiveCfg = Debug|x64
		{0FFBDFDC-ED56-4D0D-982D-EC5D49720CC9}.Debug|x64.Build.0 = Debug|x64
		{0FFBDFDC-ED56-4D0D-982D-EC5D49720CC9}.Debug|x86.ActiveCfg = Debug|Win32
		{0FFBDFDC-ED56-4D0D-982D-EC5D49720CC9}.Debug|x86.Build.0 = Debug|Win32
		{0FFBDFDC-ED56-4D0D-982D-EC5D49720CC9}.Release|x64.ActiveCfg = Release|x64
		{0FFBDFDC-ED56-4D0D-982D-EC5D49720CC9}.Release|x64.Build.0 = Release|x64
		{0FFBDFDC-ED56-4D0D-982D-EC5D49720CC9}.Release|x86.ActiveCfg = Release|Win32
		{0FFBDFDC-ED56-4D0D-982D-EC5D49720CC9}.Release|x86.Build.0 = Release|Win32
		{FCF4FC06-DB63-4321-8E44-69AE524396CE}.Debug|x64.ActiveCfg = Debug|x64
		{FCF4FC06-DB63-4321-8E44-69AE524396CE}.Debug|x64.Build.0 = Debug|x64
		{FCF4FC06-DB63-4321-8E44-69AE524396CE}.Debug|x86.ActiveCfg = Debug|Win32
		{FCF4FC06-DB63-4321-8E44-69AE524396CE}.Debug|x86.Build.0 = Debug|Win32
		{FCF4FC06-DB63-4321-8E44-69AE524396CE}.Release|x64.ActiveCfg = Release|x64
		{FCF4FC06-DB63-4321-8E44-69AE524396CE}.Release|x64.Build.0 = Release|x64
		{FCF4FC06-DB63-4321-8E44-69AE524396CE}.Release|x86.ActiveCfg = Release|Win32
		{FCF4FC06-DB63-4321-8E44-69AE524396CE}.Release|x86.Build.0 = Release|Win32
		{4B7B4008-ADBF-4A94-BC49-DB09B2E55E0C}.Debug|x64.ActiveCfg = Debug|x64
		{4B7B4008-ADBF-4A94-BC49-DB09B2E55E0C}.Debug|x64.Build.0 = Debug|x64
		{4B7B4008-ADBF-4A94-BC49-DB09B2E55E0C}.Debug|x86.ActiveCfg = Debug|Win32
		{4B7B4008-ADBF-4A94-BC49-DB09B2E55E0C}.Debug|x86.Build.0 = Debug|Win32
		{4B7B4008-ADBF-4A94-BC49-DB09B2E55E0C}.Release|x64.ActiveCfg = Release|x64
		{4B7B4008-ADBF-4A94-BC49-DB09B2E55E0C}.Release|x64.Build.0 = Release|x64
		{4B7B4008-ADBF-4A94-BC49-DB09B2E55E0C}.Release|x86.ActiveCfg = Release|Win32
		{4B7B4008-ADBF-4A94-BC49-DB09B2E55E0C}.Release|x86.Build.0 = Release|Win32
		{EC9B9F73-CA53-47BF-AAEF-E8DD794F20EE}.Debug|x64.ActiveCfg = Debug|x64
		{EC9B9F73-CA53-47BF-AAEF-E8DD794F20EE}.Debug|x64.Build.0 = Debug|x64
		{EC9B9F73-CA53-47BF-AAEF-E8DD794F20EE}.Debug|x86.ActiveCfg = Debug|Win32
		{EC9B9F73-CA53-47BF-AAEF-E8DD794F20EE}.Debug|x86.Build.0 = Debug|Win32
		{EC9B9F73-CA53-47BF-AAEF-E8DD794F20EE}.Release|x64.ActiveCfg = Release|x64
		{EC9B9F73-CA53-47BF-AAEF-E8DD794F20EE}.Release|x64.Build.0 = Release|x64
		{EC9B9F73-CA53-47BF-AAEF-E8DD794F20EE}.Release|x86.ActiveCfg = Release|Win32
		{EC9B9F73-CA53-47BF-AAEF-E8DD794F20EE}.Release|x86.Build.0 = Release|Win32
		{43D62728-9A8A-4A67-BD19-C62C692D91DE}.Debug|x64.ActiveCfg = Debug|x64
		{43D62728-9A8A-4A67-BD19-C62C692D91DE}.Debug|x64.Build.0 = Debug|x64
		{43D62728-9A8A-4A67-BD19-C62C692D91DE}.Debug|x86.ActiveCfg = Debug|Win32
		{43D62728-9A8A-4A67-BD19-C62C692D91DE}.Debug|x86.Build.0 = Debug|Win32
		{43D62728-9A8A-4A67-BD19-C62C692D91DE}.Release|x64.ActiveCfg = Release|x64
		{43D62728-9A8A-4A67-BD19-C62C692D91DE}.Release|x64.Build.0 = Release|x64
		{43D62728-9A8A-4A67-BD19-C62C692D91DE}.Release|x86.ActiveCfg = Release|Win32
		{43D62728-9A8A-4A67-BD19-C62C692D91DE}.Release|x86.Build.0 = Release|Win32
		{FD8517A8-91AB-4E06-9EE1-C75919B9FE84}.Debug|x64.ActiveCfg = Debug|x64
		{FD8517A8-91AB-4E06-9EE1-C75919B9FE84}.Debug|x64.Build.0 = Debug|x64
		{FD8517A8-91AB-4E06-9EE1-C75919B9FE84}.Debug|x86.ActiveCfg = Debug|Win32
		{FD8517A8-91AB-4E06-9EE1-C75919B9FE84}.Debug|x86.Build.0 = Debug|Win32
		{FD8517A8-91AB-4E06-9EE1-C75919B9FE84}.Release|x64.ActiveCfg = Release|x64
		{FD8517A8-91AB-4E06-9EE1-C75919B9FE84}.Release|x64.Build.0 = Release|x64
		{FD8517A8-91AB-4E06-9EE1-C75919B9FE84}.Release|x86.ActiveCfg = Release|Win32
		{FD8517A8-91AB-4E06-9EE1-C75919B9FE84}.Release|x86.Build.0 = Release|Win32
		{CA705828-7F10-445B-B982-3580055CC6AD}.Debug|x64.ActiveCfg = Debug|x64
		{CA705828-7F10-445B-B982-3580055CC6AD}.Debug|x64.Build.0 = Debug|x64
		{CA705828-7F10-445B-B982-3580055CC6AD}.Debug|x86.ActiveCfg = Debug|Win32
		{CA705828-7F10-445B-B982-3580055CC6AD}.Debug|x86.Build.0 = Debug|Win32
		{CA705828-7F10-445B-B982-3580055CC6AD}.Release|x64.ActiveCfg = Release|x64
		{CA705828-7F10-445B-B982-3580055CC6AD}.Release|x64.Build.0 = Release|x64
		{CA705828-7F10-445B-B982-3580055CC6AD}.Release|x86.ActiveCfg = Release|Win32
		{CA705828-7F10-445B-B982-3580055CC6AD}.Release|x86.Build.0 = Release|Win32
		{3E15C763-7E8D-4B8D-A0D6-C8A68C2D2BB7}.Debug|x64.ActiveCfg = Debug|x64
		{3E15C763-7E8D-4B8D-A0D6-C8A68C2D2BB7}.Debug|x64.Build.0 = Debug|x64
		{3E15C763-7E8D-4B8D-A0D6-C8A68C2D2BB7}.Debug|x86.ActiveCfg = Debug|Win32
		{3E15C763-7E8D-4B8D-A0D6-C8A68C2D2BB7}.Debug|x86.Build.0 = Debug|Win32
		{3E15C763-7E8D-4B8D-A0D6-C8A68C2D2BB7}.Release|x64.ActiveCfg = Release|x64
		{3E15C763-7E8D-4B8D-A0D6-C8A68C2D2BB7}.Release|x64.Build.0 = Release|x64
		{3E15C763-7E8D-4B8D-A0D6-C8A68C2D2BB7}.Release|x86.ActiveCfg = Release|Win32
		{3E15C763-7E8D-4B8D-A0D6-C8A68C2D2BB7}.Release|x86.Build.0 = Release|Win32
		{F4E5C4D4-1F0B-41C8-A302-F81922A72303}.Debug|x64.ActiveCfg = Debug|x64
		{F4E5C4D4-1F0B-41C8-A302-F81922A72303}.Debug|x64.Build.0 = Debug|x64
		{F4E5C4D4-1F0B-41C8-A302-F81922A72303}.Debug|x86.ActiveCfg = Debug|Win32
		{F4E5C4D4-1F0B-41C8-A302-F81922A72303}.Debug|x86.Build.0 = Debug|Win32
		{F4E5C4D4-1F0B-41C8-A302-F81922A72303}.Release|x64.ActiveCfg = Release|x64
		{F4E5C4D4-1F0B-41C8-A302-F81922A72303}.Release|x64.Build.0 = Release|x64
		{F4E5C4D4-1F0B-41C8-A302-F81922A72303}.Release|x86.ActiveCfg = Release|Win32
		{F4E5C4D4-1F0B-41C8-A302-F81922A72303}.Release|x86.Build.0 = Release|Win32
		{09747440-4BF1-403D-9625-78DE03D5D359}.Debug|x64.ActiveCfg = Debug|x64
		{09747440-4BF1-403D-9625-78DE03D5D359}.Debug|x64.Build.0 = Debug|x64
		{09747440-4BF1-403D-9625-78DE03D5D359}.Debug|x86.ActiveCfg = Debug|Win32
		{09747440-4BF1-403D-9625-78DE03D5D359}.Debug|x86.Build.0 = Debug|Win32
		{09747440-4BF1-403D-9625-78DE03D5D359}.Release|x64.ActiveCfg = Release|x64
		{09747440-4BF1-403D-9625-78DE03D5D359}.Release|x64.Build.0 = Release|x64
		{09747440-4BF1-403D-9625-78DE03D5D359}.Release|x86.ActiveCfg = Release|Win32
		{09747440-4BF1-403D-9625-78DE03D5D359}.Release|x86.Build.0 = Release|Win32
		{23A3B946-0699-4D71-94F4-E19D1632B94C}.Debug|x64.ActiveCfg = Debug|x64
		{23A3B946-0699-4D71-94F4-E19D1632B94C}.Debug|x64.Build.0 = Debug|x64
		{23A3B946-0699-4D71-94F4-E19D1632B94C}.Debug|x86.ActiveCfg = Debug|Win32
		{23A3B946-0699-4D71-94F4-E19D1632B94C}.Debug|x86.Build.0 = Debug|Win32
		{23A3B946-0699-4D71-94F4-E19D1632B94C}.Release|x64.ActiveCfg = Release|x64
		{23A3B946-0699-4D71-94F4-E19D1632B94C}.Release|x64.Build.0 = Release|x64
		{23A3B946-0699-4D71-94F4-E19D1632B94C}.Release|x86.ActiveCfg = Release|Win32
		{23A3B946-0699-4D71-94F4-E19D1632B94C}.Release|x86.Build.0 = Release|Win32
		{A773C309-B962-4B1D-AB0F-DEDA80E89F60}.Debug|x64.ActiveCfg = Debug|x64
		{A773C309-B962-4B1D-AB0F-DEDA80E89F60}.Debug|x64.Build.0 = Debug|x64
		{A773C309-B962-4B1D-AB0F-DEDA80E89F60}.Debug|x86.ActiveCfg = Debug|Win32
		{A773C309-B962-4B1D-AB0F-DEDA80E89F60}.Debug|x86.Build.0 = Debug|Win32
		{A773C309-B962-4B1D-AB0F-DEDA80E89F60}.Release|x64.ActiveCfg = Release|x64
		{A773C309-B962-4B1D-AB0F-DEDA80E89F60}.Release|x64.Build.0 = Release|x64
		{A773C309-B962-4B1D-AB0F-DEDA80E89F60}.Release|x86.ActiveCfg = Release|Win32
		{A773C309-B962-4B1D-AB0F-DEDA80E89F60}.Release|x86.Build.0 = Release|Win32
		{8EF021D3-E92A-42D8-887C-47721F049C42}.Debug|x64.ActiveCfg = Debug|x64
		{8EF021D3-E92A-42D8-887C-47721F049C42}.Debug|x64.Build.0 = Debug|x64
		{8EF021D3-E92A-42D8-887C-47721F049C42}.Debug|x86.ActiveCfg = Debug|Win32
		{8EF021D3-E92A-42D8-887C-47721F049C42}.Debug|x86.Build.0 = Debug|Win32
		{8EF021D3-E92A-42D8-887C-47721F049C42}.Release|x64.ActiveCfg = Release|x64
		{8EF021D3-E92A-42D8-887C-47721F049C42}.Release|x64.Build.0 = Release|x64
		{8EF021D3-E92A-42D8-887C-47721F049C42}.Release|x86.ActiveCfg = Release|Win32
		{8EF021D3-E92A-42D8-887C-47721F049C42}.Release|x86.Build.0 = Release|Win32
		{342E0B0B-CFDD-423F-93F6-0A43EFDB8009}.Debug|x64.ActiveCfg = Debug|x64
		{342E0B0B-CFDD-423F-93F6-0A43EFDB8009}.Debug|x64.Build.0 = Debug|x64
		{342E0B0B-CFDD-423F-93F6-0A43EFDB8009}.Debug|x86.ActiveCfg = Debug|Win32
		{342E0B0B-CFDD-423F-93F6-0A43EFDB8009}.Debug|x86.Build.0 = Debug|Win32
		{342E0B0B-CFDD-423F-93F6-0A43EFDB8009}.Release|x64.ActiveCfg = Release|x64
		{342E0B0B-CFDD-423F-93F6-0A43EFDB8009}.Release|x64.Build.0 = Release|x64
		{342E0B0B-CFDD-423F-93F6-0A43EFDB8009}.Release|x86.ActiveCfg = Release|Win32
		{342E0B0B-CFDD-423F-93F6-0A43EFDB8009}.Release|x86.Build.0 = Release|Win32
		{64327FF1-0EFE-46D3-A09F-DCE3B857A9A7}.Debug|x64.ActiveCfg = Debug|x64
		{64327FF1-0EFE-46D3-A09F-DCE3B857A9A7}.Debug|x64.Build.0 = Debug|x64
		{64327FF1-0EFE-46D3-A09F-DCE3B857A9A7}.Debug|x86.ActiveCfg = Debug|Win32
		{64327FF1-0EFE-46D3-A09F-DCE3B857A9A7}.Debug|x86.Build.0 = Debug|Win32
		{64327FF1-0EFE-46D3-A09F-DCE3B857A9A7}.Release|x64.ActiveCfg = Release|x64
		{64327FF1-0EFE-46D3-A09F-DCE3B857A9A7}.Release|x64.Build.0 = Release|x64
		{64327FF1-0EFE-46D3-A09F-DCE3B857A9A7}.Release|x86.ActiveCfg = Release|Win32
		{64327FF1-0EFE-46D3-A09F-DCE3B857A9A7}.Release|x86.Build.0 = Release|Win32
		{6C34890C-5139-49E1-9D5F-04D946BBFF30}.Debug|x64.ActiveCfg = Debug|x64
		{6C34890C-5139-49E1-9D5F-04D946BBFF30}.Debug|x64.Build.0 = Debug|x64
		{6C34890C-5139-49E1-9D5F-04D946BBFF30}.Debug|x86.ActiveCfg = Debug|Win32
		{6C34890C-5139-49E1-9D5F-04D946BBFF30}.Debug|x86.Build.0 = Debug|Win32
		{6C34890C-5139-49E1-9D5F-04D946BBFF30}.Release|x64.ActiveCfg = Release|x64
		{6C34890C-5139-49E1-9D5F-04D946BBFF30}.Release|x64.Build.0 = Release|x64
		{6C34890C-5139-49E1-9D5F-04D946BBFF30}.Release|x86.ActiveCfg = Release|Win32
		{6C34890C-5139-49E1-9D5F-04D946BBFF30}.Release|x86.Build.0 = Release|Win32
		{67CB26DD-7518-483F-9F9E-6ED91D18402B}.Debug|x64.ActiveCfg = Debug|x64
		{67CB26DD-7518-483F-9F9E-6ED91D18402B}.Debug|x64.Build.0 = Debug|x64
		{67CB26DD-7518-483F-9F9E-6ED91D18402B}.Debug|x86.ActiveCfg = Debug|Win32
		{67CB26DD-7518-483F-9F9E-6ED91D18402B}.Debug|x86.Build.0 = Debug|Win32
		{67CB26DD-7518-483F-9F9E-6ED91D18402B}.Release|x64.ActiveCfg = Release|x64
		{67CB26DD-7518-483F-9F9E-6ED91D18402B}.Release|x64.Build.0 = Release|x64
		{67CB26DD-7518-483F-9F9E-6ED91D18402B}.Release|x86.ActiveCfg = Release|Win32
		{67CB26DD-7518-483F-9F9E-6ED91D18402B}.Release|x86.Build.0 = Release|Win32
		{CB9CB343-B69A-469C-8717-62772F99B802}.Debug|x64.ActiveCfg = Debug|x64
		{CB9CB343-B69A-469C-8717-62772F99B802}.Debug|x64.Build.0 = Debug|x64
		{CB9CB343-B69A-469C-8717-62772F99B802}.Debug|x86.ActiveCfg = Debug|Win32
		{CB9CB343-B69A-469C-8717-62772F99B802}.Debug|x86.Build.0 = Debug|Win32
		{CB9CB343-B69A-469C-8717-62772F99B802}.Release|x64.ActiveCfg = Release|x64
		{CB9CB343-B69A-469C-8717-62772F99B802}.Release|x64.Build.0 = Release|x64
		{CB9CB343-B69A-469C-8717-62772F99B802}.Release|x86.ActiveCfg = Release|Win32
		{CB9CB343-B69A-469C-8717-62772F99B802}.Release|x86.Build.0 = Release|Win32
		{2347ED71-6D0E-4DB9-9965-76CF4755A848}.Debug|x64.ActiveCfg = Debug|x64
		{2347ED71-6D0E-4DB9-9965-76CF4755A848}.Debug|x64.Build.0 = Debug|x64
		{2347ED71-6D0E-4DB9-9965-76CF4755A848}.Debug|x86.ActiveCfg = Debug|Win32
		{2347ED71-6D0E-4DB9-9965-76CF4755A848}.Debug|x86.Build.0 = Debug|Win32
		{2347ED71-6D0E-4DB9-9965-76CF4755A848}.Release|x64.ActiveCfg = Release|x64
		{2347ED71-6D0E-4DB9-9965-76CF4755A848}.Release|x64.Build.0 = Release|x64
		{2347ED71-6D0E-4DB9-9965-76CF4755A848}.Release|x86.ActiveCfg = Release|Win32
		{2347ED71-6D0E-4DB9-9965-76CF4755A848}.Release|x86.Build.0 = Release|Win32
		{55708F79-D658-4EBB-9C8A-C6F0F5E502E9}.Debug|x64.ActiveCfg = Debug|x64
		{55708F79-D658-4EBB-9C8A-C6F0F5E502E9}.Debug|x64.Build.0 = Debug|x64
		{55708F79-D658-4EBB-9C8A-C6F0F5E502E9}.Debug|x86.ActiveCfg = Debug|Win32
		{55708F79-D658-4EBB-9C8A-C6F0F5E502E9}.Debug|x86.Build.0 = Debug|Win32
		{55708F79-D658-4EBB-9C8A-C6F0F5E502E9}.Release|x64.ActiveCfg = Release|x64
		{55708F79-D658-4EBB-9C8A-C6F0F5E502E9}.Release|x64.Build.0 = Release|x64
		{55708F79-D658-4EBB-9C8A-C6F0F5E502E9}.Release|x86.ActiveCfg = Release|Win32
		{55708F79-D658-4EBB-9C8A-C6F0F5E502E9}.Release|x86.Build.0 = Release|Win32
		{E2872044-53A0-42CE-974D-E491DA54ACAC}.Debug|x64.ActiveCfg = Debug|x64
		{E2872044-53A0-42CE-974D-E491DA54ACAC}.Debug|x64.Build.0 = Debug|x64
		{E2872044-53A0-42CE-974D-E491DA54ACAC}.Debug|x86.ActiveCfg = Debug|Win32
		{E2872044-53A0-42CE-974D-E491DA54ACAC}.Debug|x86.Build.0 = Debug|Win32
		{E2872044-53A0-42CE-974D-E491DA54ACAC}.Release|x64.ActiveCfg = Release|x64
		{E2872044-53A0-42CE-974D-E491DA54ACAC}.Release|x64.Build.0 = Release|x64
		{E2872044-53A0-42CE-974D-E491DA54ACAC}.Release|x86.ActiveCfg = Release|Win32
		{E2872044-53A0-42CE-974D-E491DA54ACAC}.Release|x86.Build.0 = Release|Win32
		{2083F8EE-8839-4549-9167-65BFB0F4F19E}.Debug|x64.ActiveCfg = Debug|x64
		{2083F8EE-8839-4549-9167-65BFB0F4F19E}.Debug|x64.Build.0 = Debug|x64
		{2083F8EE-8839-4549-9167-65BFB0F4F19E}.Debug|x86.ActiveCfg = Debug|Win32
		{2083F8EE-8839-4549-9167-65BFB0F4F19E}.Debug|x86.Build.0 = Debug|Win32
		{2083F8EE-8839-4549-9167-65BFB0F4F19E}.Release|x64.ActiveCfg = Release|x64
		{2083F8EE-8839-4549-9167-65BFB0F4F19E}.Release|x64.Build.0 = Release|x64
		{2083F8EE-8839-4549-9167-65BFB0F4F19E}.Release|x86.ActiveCfg = Release|Win32
		{2083F8EE-8839-4549-9167-65BFB0F4F19E}.Release|x86.Build.0 = Release|Win32
		{09144C49-9501-46DE-843D-9B8D61C54A29}.Debug|x64.ActiveCfg = Debug|x64
		{09144C49-9501-46DE-843D-9B8D61C54A29}.Debug|x64.Build.0 = Debug|x64
		{09144C49-9501-46DE-843D-9B8D61C54A29}.Debug|x86.ActiveCfg = Debug|Win32
		{09144C49-9501-46DE-843D-9B8D61C54A29}.Debug|x86.Build.0 = Debug|Win32
		{09144C49-9501-46DE-843D-9B8D61C54A29}.Release|x64.ActiveCfg = Release|x64
		{09144C49-9501-46DE-843D-9B8D61C54A29}.Release|x64.Build.0 = Release|x64
		{09144C49-9501-46DE-843D-9B8D61C54A29}.Release|x86.ActiveCfg = Release|Win32
		{09144C49-9501-46DE-843D-9B8D61C54A29}.Release|x86.Build.0 = Release|Win32
		{D8D57FDE-085E-417B-990A-D207512AC758}.Debug|x64.ActiveCfg = Debug|x64
		{D8D57FDE-085E-417B-990A-D207512AC758}.Debug|x64.Build.0 = Debug|x64
		{D8D57FDE-085E-417B-990A-D207512AC758}.Debug|x86.ActiveCfg = Debug|Win32
		{D8D57FDE-085E-417B-990A-D207512AC758}.Debug|x86.Build.0 = Debug|Win32
		{D8D57FDE-085E-417B-990A-D207512AC758}.Release|x64.ActiveCfg = Release|x64
		{D8D57FDE-085E-417B-990A-D207512AC758}.Release|x64.Build.0 = Release|x64
		{D8D57FDE-085E-417B-990A-D207512AC758}.Release|x86.ActiveCfg = Release|Win32
		{D8D57FDE-085E-417B-990A-D207512AC758}.Release|x86.Build.0 = Release|Win32
		{848F7793-DAAF-4BDA-A5A5-1E40E90381AC}.Debug|x64.ActiveCfg = Debug|x64
		{848F7793-DAAF-4BDA-A5A5-1E40E90381AC}.Debug|x64.Build.0 = Debug|x64
		{848F7793-DAAF-4BDA-A5A5-1E40E90381AC}.Debug|x86.ActiveCfg = Debug|Win32
		{848F7793-DAAF-4BDA-A5A5-1E40E90381AC}.Debug|x86.Build.0 = Debug|Win32
		{848F7793-DAAF-4BDA-A5A5-1E40E90381AC}.Release|x64.ActiveCfg = Release|x64
		{848F7793-DAAF-4BDA-A5A5-1E40E90381AC}.Release|x64.Build.0 = Release|x64
		{848F7793-DAAF-4BDA-A5A5-1E40E90381AC}.Release|x86.ActiveCfg = Release|Win32
		{848F7793-DAAF-4BDA-A5A5-1E40E90381AC}.Release|x86.Build.0 = Release|Win32
		{79BABE82-05C3-400A-8865-DCAF9742ED89}.Debug|x64.ActiveCfg = Debug|x64
		{79BABE82-05C3-400A-8865-DCAF9742ED89}.Debug|x64.Build.0 = Debug|x64
		{79BABE82-05C3-400A-8865-DCAF9742ED89}.Debug|x86.ActiveCfg = Debug|Win32
		{79BABE82-05C3-400A-8865-DCAF9742ED89}.Debug|x86.Build.0 = Debug|Win32
		{79BABE82-05C3-400A-8865-DCAF9742ED89}.Release|x64.ActiveCfg = Release|x64
		{79BABE82-05C3-400A-8865-DCAF9742ED89}.Release|x64.Build.0 = Release|x64
		{79BABE82-05C3-400A-8865-DCAF9742ED89}.Release|x86.ActiveCfg = Release|Win32
		{79BABE82-05C3-400A-8865-DCAF9742ED89}.Release|x86.Build.0 = Release|Win32
		{DB1097EC-D775-43DF-8D26-93ADCE9C37FD}.Debug|x64.ActiveCfg = Debug|x64
		{DB1097EC-D775-43DF-8D26-93ADCE9C37FD}.Debug|x64.Build.0 = Debug|x64
		{DB1097EC-D775-43DF-8D26-93ADCE9C37FD}.Debug|x86.ActiveCfg = Debug|Win32
		{DB1097EC-D775-43DF-8D26-93ADCE9C37FD}.Debug|x86.Build.0 = Debug|Win32
		{DB1097EC-D775-43DF-8D26-93ADCE9C37FD}.Release|x64.ActiveCfg = Release|x64
		{DB1097EC-D775-43DF-8D26-93ADCE9C37FD}.Release|x64.Build.0 = Release|x64
		{DB1097EC-D775-43DF-8D26-93ADCE9C37FD}.Release|x86.ActiveCfg = Release|Win32
		{DB1097EC-D775-43DF-8D26-93ADCE9C37FD}.Release|x86.Build.0 = Release|Win32
		{2F3180A8-BEA3-4441-B552-B303C6633011}.Debug|x64.ActiveCfg = Debug|x64
		{2F3180A8-BEA3-4441-B552-B303C6633011}.Debug|x64.Build.0 = Debug|x64
		{2F3180A8-BEA3-4441-B552-B303C6633011}.Debug|x86.ActiveCfg = Debug|Win32
		{2F3180A8-BEA3-4441-B552-B303C6633011}.Debug|x86.Build.0 = Debug|Win32
		{2F3180A8-BEA3-4441-B552-B303C6633011}.Release|x64.ActiveCfg = Release|x64
		{2F3180A8-BEA3-4441-B552-B303C6633011}.Release|x64.Build.0 = Release|x64
		{2F3180A8-BEA3-4441-B552-B303C6633011}.Release|x86.ActiveCfg = Release|Win32
		{2F3180A8-BEA3-4441-B552-B303C6633011}.Release|x86.Build.0 = Release|Win32
		{C420D7D6-01E4-4462-95F6-4560BCB9E7E7}.Debug|x64.ActiveCfg = Debug|x64
		{C420D7D6-01E4-4462-95F6-4560BCB9E7E7}.Debug|x64.Build.0 = Debug|x64
		{C420D7D6-01E4-4462-95F6-4560BCB9E7E7}.Debug|x86.ActiveCfg = Debug|Win32
		{C420D7D6-01E4-4462-95F6-4560BCB9E7E7}.Debug|x86.Build.0 = Debug|Win32
		{C420D7D6-01E4-4462-95F6-4560BCB9E7E7}.Release|x64.ActiveCfg = Release|x64
		{C420D7D6-01E4-4462-95F6-4560BCB9E7E7}.Release|x64.Build.0 = Release|x64
		{C420D7D6-01E4-4462-95F6-4560BCB9E7E7}.Release|x86.ActiveCfg = Release|Win32
		{C420D7D6-01E4-4462-95F6-4560BCB9E7E7}.Release|x86.Build.0 = Release|Win32
		{8E621498-8582-4F18-83E8-02BBB4140325}.Debug|x64.ActiveCfg = Debug|x64
		{8E621498-8582-4F18-83E8-02BBB4140325}.Debug|x64.Build.0 = Debug|x64
		{8E621498-8582-4F18-83E8-02BBB4140325}.Debug|x86.ActiveCfg = Debug|Win32
		{8E621498-8582-4F18-83E8-02BBB4140325}.Debug|x86.Build.0 = Debug|Win32
		{8E621498-8582-4F18-83E8-02BBB4140325}.Release|x64.ActiveCfg = Release|x64
		{8E621498-8582-4F18-83E8-02BBB4140325}.Release|x64.Build.0 = Release|x64
		{8E621498-8582-4F18-83E8-02BBB4140325}.Release|x86.ActiveCfg = Release|Win32
		{8E621498-8582-4F18-83E8-02BBB4140325}.Release|x86.Build.0 = Release|Win32
		{03C0F50D-1A47-489F-A3CB-F66E08A0CBDD}.Debug|x64.ActiveCfg = Debug|x64
		{03C0F50D-1A47-489F-A3CB-F66E08A0CBDD}.Debug|x64.Build.0 = Debug|x64
		{03C0F50D-1A47-489F-A3CB-F66E08A0CBDD}.Debug|x86.ActiveCfg = Debug|Win32
		{03C0F50D-1A47-489F-A3CB-F66E08A0CBDD}.Debug|x86.Build.0 = Debug|Win32
		{03C0F50D-1A47-489F-A3CB-F66E08A0CBDD}.Release|x64.ActiveCfg = Release|x64
		{03C0F50D-1A47-489F-A3CB-F66E08A0CBDD}.Release|x64.Build.0 = Release|x64
		{03C0F50D-1A47-489F-A3CB-F66E08A0CBDD}.Release|x86.ActiveCfg = Release|Win32
		{03C0F50D-1A47-489F-A3CB-F66E08A0CBDD}.Release|x86.Build.0 = Release|Win32
		{384EE94B-B1CA-4139-90A4-721DF94CEFE3}.Debug|x64.ActiveCfg = Debug|x64
		{384EE94B-B1CA-4139-90A4-721DF94CEFE3}.Debug|x64.Build.0 = Debug|x64
		{384EE94B-B1CA-4139-90A4-721DF94CEFE3}.Debug|x86.ActiveCfg = Debug|Win32
		{384EE94B-B1CA-4139-90A4-721DF94CEFE3}.Debug|x86.Build.0 = Debug|Win32
		{384EE94B-B1CA-4139-90A4-721DF94CEFE3}.Release|x64.ActiveCfg = Release|x64
		{384EE94B-B1CA-4139-90A4-721DF94CEFE3}.Release|x64.Build.0 = Release|x64
		{384EE94B-B1CA-4139-90A4-721DF94CEFE3}.Release|x86.ActiveCfg = Release|Win32
		{384EE94B-B1CA-4139-90A4-721DF94CEFE3}.Release|x86.Build.0 = Release|Win32
		{A772EE01-3AE4-4BE6-BCA6-E66D41660F51}.Debug|x64.ActiveCfg = Debug|x64
		{A772EE01-3AE4-4BE6-BCA6-E66D41660F51}.Debug|x64.Build.0 = Debug|x64
		{A772EE01-3AE4-4BE6-BCA6-E66D41660F51}.Debug|x86.ActiveCfg = Debug|Win32
		{A772EE01-3AE4-4BE6-BCA6-E66D41660F51}.Debug|x86.Build.0 = Debug|Win32
		{A772EE01-3AE4-4BE6-BCA6-E66D41660F51}.Release|x64.ActiveCfg = Release|x64
		{A772EE01-3AE4-4BE6-BCA6-E66D41660F51}.Release|x64.Build.0 = Release|x64
		{A772EE01-3AE4-4BE6-BCA6-E66D41660F51}.Release|x86.ActiveCfg = Release|Win32
		{A772EE01-3AE4-4BE6-BCA6-E66D41660F51}.Release|x86.Build.0 = Release|Win32
		{15A4FC07-C3EC-4E65-9BE8-FA11A405FEE5}.Debug|x64.ActiveCfg = Debug|x64
		{15A4FC07-C3EC-4E65-9BE8-FA11A405FEE5}.Debug|x64.Build.0 = Debug|x64
		{15A4FC07-C3EC-4E65-9BE8-FA11A405FEE5}.Debug|x86.ActiveCfg = Debug|Win32
		{15A4FC07-C3EC-4E65-9BE8-FA11A405FEE5}.Debug|x86.Build.0 = Debug|Win32
		{15A4FC07-C3EC-4E65-9BE8-FA11A405FEE5}.Release|x64.ActiveCfg = Release|x64
		{15A4FC07-C3EC-4E65-9BE8-FA11A405FEE5}.Release|x64.Build.0 = Release|x64
		{15A4FC07-C3EC-4E65-9BE8-FA11A405FEE5}.Release|x86.ActiveCfg = Release|Win32
		{15A4FC07-C3EC-4E65-9BE8-FA11A405FEE5}.Release|x86.Build.0 = Release|Win32
		{872CEDE0-6986-4959-A256-DE89B02DC117}.Debug|x64.ActiveCfg = Debug|x64
		{872CEDE0-6986-4959-A256-DE89B02DC117}.Debug|x64.Build.0 = Debug|x64
		{872CEDE0-6986-4959-A256-DE89B02DC117}.Debug|x86.ActiveCfg = Debug|Win32
		{872CEDE0-6986-4959-A256-DE89B02DC117}.Debug|x86.Build.0 = Debug|Win32
		{872CEDE0-6986-4959-A256-DE89B02DC117}.Release|x64.ActiveCfg = Release|x64
		{872CEDE0-6986-4959-A256-DE89B02DC117}.Release|x64.Build.0 = Release|x64
		{872CEDE0-6986-4959-A256-DE89B02DC117}.Release|x86.ActiveCfg = Release|Win32
		{872CEDE0-6986-4959-A256-DE89B02DC117}.Release|x86.Build.0 = Release|Win32
		{606ABA3A-7F8B-47DA-BCF7-FC7ACF8E381D}.Debug|x64.ActiveCfg = Debug|x64
		{606ABA3A-7F8B-47DA-BCF7-FC7ACF8E381D}.Debug|x64.Build.0 = Debug|x64
		{606ABA3A-7F8B-47DA-BCF7-FC7ACF8E381D}.Debug|x86.ActiveCfg = Debug|Win32
		{606ABA3A-7F8B-47DA-BCF7-FC7ACF8E381D}.Debug|x86.Build.0 = Debug|Win32
		{606ABA3A-7F8B-47DA-BCF7-FC7ACF8E381D}.Release|x64.ActiveCfg = Release|x64
		{606ABA3A-7F8B-47DA-BCF7-FC7ACF8E381D}.Release|x64.Build.0 = Release|x64
		{606ABA3A-7F8B-47DA-BCF7-FC7ACF8E381D}.Release|x86.ActiveCfg = Release|Win32
		{606ABA3A-7F8B-47DA-BCF7-FC7ACF8E381D}.Release|x86.Build.0 = Release|Win32
		{08AB6EC6-A317-4A11-90FD-5C0263CD7FFA}.Debug|x64.ActiveCfg = Debug|x64
		{08AB6EC6-A317-4A11-90FD-5C0263CD7FFA}.Debug|x64.Build.0 = Debug|x64
		{08AB6EC6-A317-4A11-90FD-5C0263CD7FFA}.Debug|x86.ActiveCfg = Debug|Win32
		{08AB6EC6-A317-4A11-90FD-5C0263CD7FFA}.Debug|x86.Build.0 = Debug|Win32
		{08AB6EC6-A317-4A11-90FD-5C0263CD7FFA}.Release|x64.ActiveCfg = Release|x64
		{08AB6EC6-A317-4A11-90FD-5C0263CD7FFA}.Release|x64.Build.0 = Release|x64
		{08AB6EC6-A317-4A11-90FD-5C0263CD7FFA}.Release|x86.ActiveCfg = Release|Win32
		{08AB6EC6-A317-4A11-90FD-5C0263CD7FFA}.Release|x86.Build.0 = Release|Win32
		{41A5AD39-64BA-43CE-AB62-1D7CA5EE320D}.Debug|x64.ActiveCfg = Debug|x64
		{41A5AD39-64BA-43CE-AB62-1D7CA5EE320D}.Debug|x64.Build.0 = Debug|x64
		{41A5AD39-64BA-43CE-AB62-1D7CA5EE320D}.Debug|x86.ActiveCfg = Debug|Win32
		{41A5AD39-64BA-43CE-AB62-1D7CA5EE320D}.Debug|x86.Build.0 = Debug|Win32
		{41A5AD39-64BA-43CE-AB62-1D7CA5EE320D}.Release|x64.ActiveCfg = Release|x64
		{41A5AD39-64BA-43CE-AB62-1D7CA5EE320D}.Release|x64.Build.0 = Release|x64
		{41A5AD39-64BA-43CE-AB62-1D7CA5EE320D}.Release|x86.ActiveCfg = Release|Win32
		{41A5AD39-64BA-43CE-AB62-1D7CA5EE320D}.Release|x86.Build.0 = Release|Win32
		{41D9D862-9258-4FDD-B1DD-A77BD6D81612}.Debug|x64.ActiveCfg = Debug|x64
		{41D9D862-9258-4FDD-B1DD-A77BD6D81612}.Debug|x64.Build.0 = Debug|x64
		{41D9D862-9258-4FDD-B1DD-A77BD6D81612}.Debug|x86.ActiveCfg = Debug|Win32
		{41D9D862-9258-4FDD-B1DD-A77BD6D81612}.Debug|x86.Build.0 = Debug|Win32
		{41D9D862-9258-4FDD-B1DD-A77BD6D81612}.Release|x64.ActiveCfg = Release|x64
		{41D9D862-9258-4FDD-B1DD-A77BD6D81612}.Release|x64.Build.0 = Release|x64
		{41D9D862-9258-4FDD-B1DD-A77BD6D81612}.Release|x86.ActiveCfg = Release|Win32
		{41D9D862-9258-4FDD-B1DD-A77BD6D81612}.Release|x86.Build.0 = Release|Win32
		{421FB7E4-F820-47A9-8951-3030D9C1F787}.Debug|x64.ActiveCfg = Debug|x64
		{421FB7E4-F820-47A9-8951-3030D9C1F787}.Debug|x64.Build.0 = Debug|x64
		{421FB7E4-F820-47A9-8951-3030D9C1F787}.Debug|x86.ActiveCfg = Debug|Win32
		{421FB7E4-F820-47A9-8951-3030D9C1F787}.Debug|x86.Build.0 = Debug|Win32
		{421FB7E4-F820-47A9-8951-3030D9C1F787}.Release|x64.ActiveCfg = Release|x64
		{421FB7E4-F820-47A9-8951-3030D9C1F787}.Release|x64.Build.0 = Release|x64
		{421FB7E4-F820-47A9-8951-3030D9C1F787}.Release|x86.ActiveCfg = Release|Win32
		{421FB7E4-F820-47A9-8951-3030D9C1F787}.Release|x86.Build.0 = Release|Win32
		{BFD51DC0-06AA-4B9A-B20E-A4FAC97FEDC1}.Debug|x64.ActiveCfg = Debug|x64
		{BFD51DC0-06AA-4B9A-B20E-A4FAC97FEDC1}.Debug|x64.Build.0 = Debug|x64
		{BFD51DC0-06AA-4B9A-B20E-A4FAC97FEDC1}.Debug|x86.ActiveCfg = Debug|Win32
		{BFD51DC0-06AA-4B9A-B20E-A4FAC97FEDC1}.Debug|x86.Build.0 = Debug|Win32
		{BFD51DC0-06AA-4B9A-B20E-A4FAC97FEDC1}.Release|x64.ActiveCfg = Release|x64
		{BFD51DC0-06AA-4B9A-B20E-A4FAC97FEDC1}.Release|x64.Build.0 = Release|x64
		{BFD51DC0-06AA-4B9A-B20E-A4FAC97FEDC1}.Release|x86.ActiveCfg = Release|Win32
		{BFD51DC0-06AA-4B9A-B20E-A4FAC97FEDC1}.Release|x86.Build.0 = Release|Win32
		{02EDBC84-3138-4FB2-B57C-15EBF5F1EF1F}.Debug|x64.ActiveCfg = Debug|x64
		{02EDBC84-3138-4FB2-B57C-15EBF5F1EF1F}.Debug|x64.Build.0 = Debug|x64
		{02EDBC84-3138-4FB2-B57C-15EBF5F1EF1F}.Debug|x86.ActiveCfg = Debug|Win32
		{02EDBC84-3138-4FB2-B57C-15EBF5F1EF1F}.Debug|x86.Build.0 = Debug|Win32
		{02EDBC84-3138-4FB2-B57C-15EBF5F1EF1F}.Release|x64.ActiveCfg = Release|x64
		{02EDBC84-3138-4FB2-B57C-15EBF5F1EF1F}.Release|x64.Build.0 = Release|x64
		{02EDBC84-3138-4FB2-B57C-15EBF5F1EF1F}.Release|x86.ActiveCfg = Release|Win32
		{02EDBC84-3138-4FB2-B57C-15EBF5F1EF1F}.Release|x86.Build.0 = Release|Win32
		{F4F66AE6-DB86-4FE9-B9DE-27C3A2A9DDB7}.Debug|x64.ActiveCfg = Debug|x64
		{F4F66AE6-DB86-4FE9-B9DE-27C3A2A9DDB7}.Debug|x64.Build.0 = Debug|x64
		{F4F66AE6-DB86-4FE9-B9DE-27C3A2A9DDB7}.Debug|x86.ActiveCfg = Debug|Win32
		{F4F66AE6-DB86-4FE9-B9DE-27C3A2A9DDB7}.Debug|x86.Build.0 = Debug|Win32
		{F4F66AE6-DB86-4FE9-B9DE-27C3A2A9DDB7}.Release|x64.ActiveCfg = Release|x64
		{F4F66AE6-DB86-4FE9-B9DE-27C3A2A9DDB7}.Release|x64.Build.0 = Release|x64
		{F4F66AE6-DB86-4FE9-B9DE-27C3A2A9DDB7}.Release|x86.ActiveCfg = Release|Win32
		{F4F66AE6-DB86-4FE9-B9DE-27C3A2A9DDB7}.Release|x86.Build.0 = Release|Win32
		{CD099931-D906-46CF-9AD6-5158579E45B1}.Debug|x64.ActiveCfg = Debug|x64
		{CD099931-D906-46CF-9AD6-5158579E45B1}.Debug|x64.Build.0 = Debug|x64
		{CD099931-D906-46CF-9AD6-5158579E45B1}.Debug|x86.ActiveCfg = Debug|Win32
		{CD099931-D906-46CF-9AD6-5158579E45B1}.Debug|x86.Build.0 = Debug|Win32
		{CD099931-D906-46CF-9AD6-5158579E45B1}.Release|x64.ActiveCfg = Release|x64
		{CD099931-D906-46CF-9AD6-5158579E45B1}.Release|x64.Build.0 = Release|x64
		{CD099931-D906-46CF-9AD6-5158579E45B1}.Release|x86.ActiveCfg = Release|Win32
		{CD099931-D906-46CF-9AD6-5158579E45B1}.Release|x86.Build.0 = Release|Win32
		{E0309F32-5F70-49F1-8820-B4C06A4AAE46}.Debug|x64.ActiveCfg = Debug|x64
		{E0309F32-5F70-49F1-8820-B4C06A4AAE46}.Debug|x64.Build.0 = Debug|x64
		{E0309F32-5F70-49F1-8820-B4C06A4AAE46}.Debug|x86.ActiveCfg = Debug|Win32
		{E0309F32-5F70-49F1-8820-B4C06A4AAE46}.Debug|x86.Build.0 = Debug|Win32
		{E0309F32-5F70-49F1-8820-B4C06A4AAE46}.Release|x64.ActiveCfg = Release|x64
		{E0309F32-5F70-49F1-8820-B4C06A4AAE46}.Release|x64.Build.0 = Release|x64
		{E0309F32-5F70-49F1-8820-B4C06A4AAE46}.Release|x86.ActiveCfg = Release|Win32
		{E0309F32-5F70-49F1-8820-B4C06A4AAE46}.Release|x86.Build.0 = Release|Win32
		{B7BE3877-769D-43D0-8A83-6F5D56BA0B26}.Debug|x64.ActiveCfg = Debug|x64
		{B7BE3877-769D-43D0-8A83-6F5D56BA0B26}.Debug|x64.Build.0 = Debug|x64
		{B7BE3877-769D-43D0-8A83-6F5D56BA0B26}.Debug|x86.ActiveCfg = Debug|Win32
		{B7BE3877-769D-43D0-8A83-6F5D56BA0B26}.Debug|x86.Build.0 = Debug|Win32
		{B7BE3877-769D-43D0-8A83-6F5D56BA0B26}.Release|x64.ActiveCfg = Release|x64
		{B7BE3877-769D-43D0-8A83-6F5D56BA0B26}.Release|x64.Build.0 = Release|x64
		{B7BE3877-769D-43D0-8A83-6F5D56BA0B26}.Release|x86.ActiveCfg = Release|Win32
		{B7BE3877-769D-43D0-8A83-6F5D56BA0B26}.Release|x86.Build.0 = Release|Win32
	EndGlobalSection
	GlobalSection(SolutionProperties) = preSolution
		HideSolutionNode = FALSE
	EndGlobalSection
	GlobalSection(NestedProjects) = preSolution
		{4B4D6FF9-4121-46A7-8166-F8291CA716CC} = {2D332628-5763-4EFE-8920-EF017DC5CF19}
		{EC3183EE-CA36-494E-8AA5-DFF88B9998C9} = {A666FA7F-7AC1-4AD0-8539-709D6F61E751}
		{0CC997AF-A3E0-4669-9C34-6A57FFD83CB2} = {A666FA7F-7AC1-4AD0-8539-709D6F61E751}
		{2C53788E-AE78-447A-A39A-EE7CDD374588} = {A666FA7F-7AC1-4AD0-8539-709D6F61E751}
		{CECCD059-F562-4979-8F97-E5BAB6C63007} = {A666FA7F-7AC1-4AD0-8539-709D6F61E751}
		{1A469951-449B-40EA-9333-6652091F9403} = {A666FA7F-7AC1-4AD0-8539-709D6F61E751}
		{0F1651C5-50C5-47B2-8703-E287A0C37C36} = {A666FA7F-7AC1-4AD0-8539-709D6F61E751}
		{D15F4ED2-36D5-4A21-AEE9-17ADDEFD5592} = {A666FA7F-7AC1-4AD0-8539-709D6F61E751}
		{B238BDE2-C257-4F68-A050-B4EDC85128C5} = {A666FA7F-7AC1-4AD0-8539-709D6F61E751}
		{94BFACE5-92B0-46F2-9718-70A633E87DA8} = {A666FA7F-7AC1-4AD0-8539-709D6F61E751}
		{E71DF333-B00E-4E0C-B0EB-272424FB6C42} = {A666FA7F-7AC1-4AD0-8539-709D6F61E751}
		{5FEA142D-F00F-4772-AF82-AD933C66EFE8} = {A666FA7F-7AC1-4AD0-8539-709D6F61E751}
		{4C0853A8-FBDF-46C3-9E4B-FE88D4E2A29A} = {D0EE2A23-CA5B-42D2-8A0E-52F1D4D4DA47}
		{21FB3CD3-219B-4E43-8589-67C66F8E3F3A} = {D0EE2A23-CA5B-42D2-8A0E-52F1D4D4DA47}
		{8D33E976-90DC-4032-919D-0D5C1C14E254} = {D0EE2A23-CA5B-42D2-8A0E-52F1D4D4DA47}
		{9F9858E3-41D8-48C0-AE87-57406A01DC76} = {D0EE2A23-CA5B-42D2-8A0E-52F1D4D4DA47}
		{0FFBDFDC-ED56-4D0D-982D-EC5D49720CC9} = {EC3183EE-CA36-494E-8AA5-DFF88B9998C9}
		{FCF4FC06-DB63-4321-8E44-69AE524396CE} = {EC3183EE-CA36-494E-8AA5-DFF88B9998C9}
		{4B7B4008-ADBF-4A94-BC49-DB09B2E55E0C} = {EC3183EE-CA36-494E-8AA5-DFF88B9998C9}
		{EC9B9F73-CA53-47BF-AAEF-E8DD794F20EE} = {0CC997AF-A3E0-4669-9C34-6A57FFD83CB2}
		{43D62728-9A8A-4A67-BD19-C62C692D91DE} = {0CC997AF-A3E0-4669-9C34-6A57FFD83CB2}
		{FD8517A8-91AB-4E06-9EE1-C75919B9FE84} = {0CC997AF-A3E0-4669-9C34-6A57FFD83CB2}
		{CA705828-7F10-445B-B982-3580055CC6AD} = {2C53788E-AE78-447A-A39A-EE7CDD374588}
		{3E15C763-7E8D-4B8D-A0D6-C8A68C2D2BB7} = {2C53788E-AE78-447A-A39A-EE7CDD374588}
		{F4E5C4D4-1F0B-41C8-A302-F81922A72303} = {2C53788E-AE78-447A-A39A-EE7CDD374588}
		{09747440-4BF1-403D-9625-78DE03D5D359} = {2C53788E-AE78-447A-A39A-EE7CDD374588}
		{23A3B946-0699-4D71-94F4-E19D1632B94C} = {2C53788E-AE78-447A-A39A-EE7CDD374588}
		{A773C309-B962-4B1D-AB0F-DEDA80E89F60} = {2C53788E-AE78-447A-A39A-EE7CDD374588}
		{8EF021D3-E92A-42D8-887C-47721F049C42} = {2C53788E-AE78-447A-A39A-EE7CDD374588}
		{342E0B0B-CFDD-423F-93F6-0A43EFDB8009} = {CECCD059-F562-4979-8F97-E5BAB6C63007}
		{64327FF1-0EFE-46D3-A09F-DCE3B857A9A7} = {CECCD059-F562-4979-8F97-E5BAB6C63007}
		{6C34890C-5139-49E1-9D5F-04D946BBFF30} = {1A469951-449B-40EA-9333-6652091F9403}
		{67CB26DD-7518-483F-9F9E-6ED91D18402B} = {1A469951-449B-40EA-9333-6652091F9403}
		{CB9CB343-B69A-469C-8717-62772F99B802} = {1A469951-449B-40EA-9333-6652091F9403}
		{2347ED71-6D0E-4DB9-9965-76CF4755A848} = {0F1651C5-50C5-47B2-8703-E287A0C37C36}
		{55708F79-D658-4EBB-9C8A-C6F0F5E502E9} = {0F1651C5-50C5-47B2-8703-E287A0C37C36}
		{E2872044-53A0-42CE-974D-E491DA54ACAC} = {0F1651C5-50C5-47B2-8703-E287A0C37C36}
		{2083F8EE-8839-4549-9167-65BFB0F4F19E} = {0F1651C5-50C5-47B2-8703-E287A0C37C36}
		{09144C49-9501-46DE-843D-9B8D61C54A29} = {0F1651C5-50C5-47B2-8703-E287A0C37C36}
		{D8D57FDE-085E-417B-990A-D207512AC758} = {0F1651C5-50C5-47B2-8703-E287A0C37C36}
		{848F7793-DAAF-4BDA-A5A5-1E40E90381AC} = {0CC997AF-A3E0-4669-9C34-6A57FFD83CB2}
		{79BABE82-05C3-400A-8865-DCAF9742ED89} = {EC3183EE-CA36-494E-8AA5-DFF88B9998C9}
		{DB1097EC-D775-43DF-8D26-93ADCE9C37FD} = {2C53788E-AE78-447A-A39A-EE7CDD374588}
		{2F3180A8-BEA3-4441-B552-B303C6633011} = {CECCD059-F562-4979-8F97-E5BAB6C63007}
		{C420D7D6-01E4-4462-95F6-4560BCB9E7E7} = {D15F4ED2-36D5-4A21-AEE9-17ADDEFD5592}
		{8E621498-8582-4F18-83E8-02BBB4140325} = {D15F4ED2-36D5-4A21-AEE9-17ADDEFD5592}
		{03C0F50D-1A47-489F-A3CB-F66E08A0CBDD} = {D15F4ED2-36D5-4A21-AEE9-17ADDEFD5592}
		{384EE94B-B1CA-4139-90A4-721DF94CEFE3} = {D15F4ED2-36D5-4A21-AEE9-17ADDEFD5592}
		{A772EE01-3AE4-4BE6-BCA6-E66D41660F51} = {D15F4ED2-36D5-4A21-AEE9-17ADDEFD5592}
		{15A4FC07-C3EC-4E65-9BE8-FA11A405FEE5} = {B238BDE2-C257-4F68-A050-B4EDC85128C5}
		{872CEDE0-6986-4959-A256-DE89B02DC117} = {B238BDE2-C257-4F68-A050-B4EDC85128C5}
		{606ABA3A-7F8B-47DA-BCF7-FC7ACF8E381D} = {E71DF333-B00E-4E0C-B0EB-272424FB6C42}
		{08AB6EC6-A317-4A11-90FD-5C0263CD7FFA} = {E71DF333-B00E-4E0C-B0EB-272424FB6C42}
		{41A5AD39-64BA-43CE-AB62-1D7CA5EE320D} = {5FEA142D-F00F-4772-AF82-AD933C66EFE8}
		{41D9D862-9258-4FDD-B1DD-A77BD6D81612} = {5FEA142D-F00F-4772-AF82-AD933C66EFE8}
		{421FB7E4-F820-47A9-8951-3030D9C1F787} = {5FEA142D-F00F-4772-AF82-AD933C66EFE8}
		{BFD51DC0-06AA-4B9A-B20E-A4FAC97FEDC1} = {5FEA142D-F00F-4772-AF82-AD933C66EFE8}
		{02EDBC84-3138-4FB2-B57C-15EBF5F1EF1F} = {5FEA142D-F00F-4772-AF82-AD933C66EFE8}
		{F4F66AE6-DB86-4FE9-B9DE-27C3A2A9DDB7} = {5FEA142D-F00F-4772-AF82-AD933C66EFE8}
		{CD099931-D906-46CF-9AD6-5158579E45B1} = {B238BDE2-C257-4F68-A050-B4EDC85128C5}
		{E0309F32-5F70-49F1-8820-B4C06A4AAE46} = {E71DF333-B00E-4E0C-B0EB-272424FB6C42}
		{B7BE3877-769D-43D0-8A83-6F5D56BA0B26} = {5FEA142D-F00F-4772-AF82-AD933C66EFE8}
		{AF8A2EAA-53D9-41E4-A855-9A840F111BE8} = {A666FA7F-7AC1-4AD0-8539-709D6F61E751}
		{4C5AC1DA-9F95-434E-8E70-A4A31915C6AD} = {A666FA7F-7AC1-4AD0-8539-709D6F61E751}
		{CFCFA7C9-1E2B-40F6-BAA0-8BD008F286CC} = {A666FA7F-7AC1-4AD0-8539-709D6F61E751}
		{39076C0F-77AE-4F9E-9DB0-E577F26AEBF8} = {A666FA7F-7AC1-4AD0-8539-709D6F61E751}
		{4DB45EF3-0292-452F-8431-D53F0F65C50F} = {A666FA7F-7AC1-4AD0-8539-709D6F61E751}
		{1B6E797B-5D4C-4B5F-AB5D-B95D7A816595} = {A666FA7F-7AC1-4AD0-8539-709D6F61E751}
		{CF3F4719-D351-431C-93FE-DC62447B8059} = {A666FA7F-7AC1-4AD0-8539-709D6F61E751}
		{C6CB39D7-83EB-4250-9E95-351B9DD2F81E} = {A666FA7F-7AC1-4AD0-8539-709D6F61E751}
		{0202F67D-DC23-4810-A302-F8465828399E} = {A666FA7F-7AC1-4AD0-8539-709D6F61E751}
		{0062A79D-3766-4E1E-93DD-90F26C56555F} = {A666FA7F-7AC1-4AD0-8539-709D6F61E751}
		{45B72752-A76A-49A2-B757-E0D0586142FA} = {A666FA7F-7AC1-4AD0-8539-709D6F61E751}
		{7AC2382A-2ADA-4636-8F2D-BC7F6637D1B1} = {A666FA7F-7AC1-4AD0-8539-709D6F61E751}
		{A93963A8-BFB7-4EA9-AB85-4FB402A2B8A0} = {A666FA7F-7AC1-4AD0-8539-709D6F61E751}
	EndGlobalSection
EndGlobal
